
Microsoft Visual Studio Solution File, Format Version 12.00
# Visual Studio Version 16
VisualStudioVersion = 16.0.30114.105
MinimumVisualStudioVersion = 10.0.40219.1
Project("{FAE04EC0-301F-11D3-BF4B-00C04F79EFBC}") = "VisualBIChatBot", "VisualBIChatBot\VisualBIChatBot.csproj", "{C16EAE67-D6B9-4898-87A3-4C0B49DF9664}"
EndProject
Global
	GlobalSection(SolutionConfigurationPlatforms) = preSolution
		Debug|Any CPU = Debug|Any CPU
		Release|Any CPU = Release|Any CPU
	EndGlobalSection
	GlobalSection(ProjectConfigurationPlatforms) = postSolution
		{C16EAE67-D6B9-4898-87A3-4C0B49DF9664}.Debug|Any CPU.ActiveCfg = Debug|Any CPU
		{C16EAE67-D6B9-4898-87A3-4C0B49DF9664}.Debug|Any CPU.Build.0 = Debug|Any CPU
		{C16EAE67-D6B9-4898-87A3-4C0B49DF9664}.Release|Any CPU.ActiveCfg = Release|Any CPU
		{C16EAE67-D6B9-4898-87A3-4C0B49DF9664}.Release|Any CPU.Build.0 = Release|Any CPU
	EndGlobalSection
	GlobalSection(SolutionProperties) = preSolution
		HideSolutionNode = FALSE
	EndGlobalSection
	GlobalSection(ExtensibilityGlobals) = postSolution
		SolutionGuid = {1969EA4C-44B1-4785-87FA-7DA132F2CEBB}
	EndGlobalSection
EndGlobal
